
Microsoft Visual Studio Solution File, Format Version 12.00
# Visual Studio Version 16
VisualStudioVersion = 16.0.31624.102
MinimumVisualStudioVersion = 10.0.40219.1
Project("{8BC9CEB8-8B4A-11D0-8D11-00A0C91BC942}") = "In Class Prodject", "In Class Prodject\In Class Prodject.vcxproj", "{842432CA-B89A-4CA3-8515-13ADD7AF7675}"
EndProject
Global
	GlobalSection(SolutionConfigurationPlatforms) = preSolution
		Debug|x64 = Debug|x64
		Debug|x86 = Debug|x86
		Release|x64 = Release|x64
		Release|x86 = Release|x86
	EndGlobalSection
	GlobalSection(ProjectConfigurationPlatforms) = postSolution
		{842432CA-B89A-4CA3-8515-13ADD7AF7675}.Debug|x64.ActiveCfg = Debug|x64
		{842432CA-B89A-4CA3-8515-13ADD7AF7675}.Debug|x64.Build.0 = Debug|x64
		{842432CA-B89A-4CA3-8515-13ADD7AF7675}.Debug|x86.ActiveCfg = Debug|Win32
		{842432CA-B89A-4CA3-8515-13ADD7AF7675}.Debug|x86.Build.0 = Debug|Win32
		{842432CA-B89A-4CA3-8515-13ADD7AF7675}.Release|x64.ActiveCfg = Release|x64
		{842432CA-B89A-4CA3-8515-13ADD7AF7675}.Release|x64.Build.0 = Release|x64
		{842432CA-B89A-4CA3-8515-13ADD7AF7675}.Release|x86.ActiveCfg = Release|Win32
		{842432CA-B89A-4CA3-8515-13ADD7AF7675}.Release|x86.Build.0 = Release|Win32
	EndGlobalSection
	GlobalSection(SolutionProperties) = preSolution
		HideSolutionNode = FALSE
	EndGlobalSection
	GlobalSection(ExtensibilityGlobals) = postSolution
		SolutionGuid = {CED8580A-12AA-4367-9539-1DABFF9394B7}
	EndGlobalSection
EndGlobal
